
Microsoft Visual Studio Solution File, Format Version 12.00
# Visual Studio 2012
Project("{FAE04EC0-301F-11D3-BF4B-00C04F79EFBC}") = "Weixin", "Weixin\Weixin.csproj", "{F05BF130-97D9-44D0-9BCF-3F6F02681A3A}"
EndProject
Global
	GlobalSection(SolutionConfigurationPlatforms) = preSolution
		Debug|Any CPU = Debug|Any CPU
		Release|Any CPU = Release|Any CPU
	EndGlobalSection
	GlobalSection(ProjectConfigurationPlatforms) = postSolution
		{F05BF130-97D9-44D0-9BCF-3F6F02681A3A}.Debug|Any CPU.ActiveCfg = Debug|Any CPU
		{F05BF130-97D9-44D0-9BCF-3F6F02681A3A}.Debug|Any CPU.Build.0 = Debug|Any CPU
		{F05BF130-97D9-44D0-9BCF-3F6F02681A3A}.Release|Any CPU.ActiveCfg = Release|Any CPU
		{F05BF130-97D9-44D0-9BCF-3F6F02681A3A}.Release|Any CPU.Build.0 = Release|Any CPU
	EndGlobalSection
	GlobalSection(SolutionProperties) = preSolution
		HideSolutionNode = FALSE
	EndGlobalSection
EndGlobal
